
Microsoft Visual Studio Solution File, Format Version 12.00
# Visual Studio Version 16
VisualStudioVersion = 16.0.29920.165
MinimumVisualStudioVersion = 10.0.40219.1
Project("{FAE04EC0-301F-11D3-BF4B-00C04F79EFBC}") = "Triangle", "Triangle\Triangle.csproj", "{1614CD0E-55FA-4F9E-85A5-321A236108AA}"
EndProject
Global
	GlobalSection(SolutionConfigurationPlatforms) = preSolution
		Debug|Any CPU = Debug|Any CPU
		Release|Any CPU = Release|Any CPU
	EndGlobalSection
	GlobalSection(ProjectConfigurationPlatforms) = postSolution
		{1614CD0E-55FA-4F9E-85A5-321A236108AA}.Debug|Any CPU.ActiveCfg = Debug|Any CPU
		{1614CD0E-55FA-4F9E-85A5-321A236108AA}.Debug|Any CPU.Build.0 = Debug|Any CPU
		{1614CD0E-55FA-4F9E-85A5-321A236108AA}.Release|Any CPU.ActiveCfg = Release|Any CPU
		{1614CD0E-55FA-4F9E-85A5-321A236108AA}.Release|Any CPU.Build.0 = Release|Any CPU
	EndGlobalSection
	GlobalSection(SolutionProperties) = preSolution
		HideSolutionNode = FALSE
	EndGlobalSection
	GlobalSection(ExtensibilityGlobals) = postSolution
		SolutionGuid = {176546EE-CC72-4E2A-88E8-7921BB1640E2}
	EndGlobalSection
EndGlobal
