
Microsoft Visual Studio Solution File, Format Version 12.00
# Visual Studio Version 16
VisualStudioVersion = 16.0.29920.165
MinimumVisualStudioVersion = 10.0.40219.1
Project("{FAE04EC0-301F-11D3-BF4B-00C04F79EFBC}") = "Hello world", "Lesson1\Hello world.csproj", "{C7A7D658-80F5-4A22-A914-A75774FF463E}"
EndProject
Global
	GlobalSection(SolutionConfigurationPlatforms) = preSolution
		Debug|Any CPU = Debug|Any CPU
		Release|Any CPU = Release|Any CPU
	EndGlobalSection
	GlobalSection(ProjectConfigurationPlatforms) = postSolution
		{C7A7D658-80F5-4A22-A914-A75774FF463E}.Debug|Any CPU.ActiveCfg = Debug|Any CPU
		{C7A7D658-80F5-4A22-A914-A75774FF463E}.Debug|Any CPU.Build.0 = Debug|Any CPU
		{C7A7D658-80F5-4A22-A914-A75774FF463E}.Release|Any CPU.ActiveCfg = Release|Any CPU
		{C7A7D658-80F5-4A22-A914-A75774FF463E}.Release|Any CPU.Build.0 = Release|Any CPU
	EndGlobalSection
	GlobalSection(SolutionProperties) = preSolution
		HideSolutionNode = FALSE
	EndGlobalSection
	GlobalSection(ExtensibilityGlobals) = postSolution
		SolutionGuid = {7A682BE0-ADB5-424E-8C7E-AC74C32D635A}
	EndGlobalSection
EndGlobal
