
Microsoft Visual Studio Solution File, Format Version 12.00
# Visual Studio Version 16
VisualStudioVersion = 16.0.29920.165
MinimumVisualStudioVersion = 10.0.40219.1
Project("{FAE04EC0-301F-11D3-BF4B-00C04F79EFBC}") = "2demention arrays", "2demention arrays\2demention arrays.csproj", "{212CEA47-6291-47A8-9794-1B8D11776011}"
EndProject
Global
	GlobalSection(SolutionConfigurationPlatforms) = preSolution
		Debug|Any CPU = Debug|Any CPU
		Release|Any CPU = Release|Any CPU
	EndGlobalSection
	GlobalSection(ProjectConfigurationPlatforms) = postSolution
		{212CEA47-6291-47A8-9794-1B8D11776011}.Debug|Any CPU.ActiveCfg = Debug|Any CPU
		{212CEA47-6291-47A8-9794-1B8D11776011}.Debug|Any CPU.Build.0 = Debug|Any CPU
		{212CEA47-6291-47A8-9794-1B8D11776011}.Release|Any CPU.ActiveCfg = Release|Any CPU
		{212CEA47-6291-47A8-9794-1B8D11776011}.Release|Any CPU.Build.0 = Release|Any CPU
	EndGlobalSection
	GlobalSection(SolutionProperties) = preSolution
		HideSolutionNode = FALSE
	EndGlobalSection
	GlobalSection(ExtensibilityGlobals) = postSolution
		SolutionGuid = {FCAACE29-C32D-47DE-A680-7A6CB0EB8224}
	EndGlobalSection
EndGlobal
