
Microsoft Visual Studio Solution File, Format Version 12.00
# Visual Studio Version 16
VisualStudioVersion = 16.0.29920.165
MinimumVisualStudioVersion = 10.0.40219.1
Project("{FAE04EC0-301F-11D3-BF4B-00C04F79EFBC}") = "2D_arrays_input", "2D arrays output\2D_arrays_input.csproj", "{11405B96-1A27-4604-8AC5-851567B50BE3}"
EndProject
Global
	GlobalSection(SolutionConfigurationPlatforms) = preSolution
		Debug|Any CPU = Debug|Any CPU
		Release|Any CPU = Release|Any CPU
	EndGlobalSection
	GlobalSection(ProjectConfigurationPlatforms) = postSolution
		{11405B96-1A27-4604-8AC5-851567B50BE3}.Debug|Any CPU.ActiveCfg = Debug|Any CPU
		{11405B96-1A27-4604-8AC5-851567B50BE3}.Debug|Any CPU.Build.0 = Debug|Any CPU
		{11405B96-1A27-4604-8AC5-851567B50BE3}.Release|Any CPU.ActiveCfg = Release|Any CPU
		{11405B96-1A27-4604-8AC5-851567B50BE3}.Release|Any CPU.Build.0 = Release|Any CPU
	EndGlobalSection
	GlobalSection(SolutionProperties) = preSolution
		HideSolutionNode = FALSE
	EndGlobalSection
	GlobalSection(ExtensibilityGlobals) = postSolution
		SolutionGuid = {9B650880-BCB2-4FB1-968C-220F01C47FC3}
	EndGlobalSection
EndGlobal
