
Microsoft Visual Studio Solution File, Format Version 12.00
# Visual Studio Version 16
VisualStudioVersion = 16.0.29920.165
MinimumVisualStudioVersion = 10.0.40219.1
Project("{FAE04EC0-301F-11D3-BF4B-00C04F79EFBC}") = "Null_assignment_union", "Null_assignment_union\Null_assignment_union.csproj", "{145069DB-8EAB-473F-826E-DEC56BFB8B0B}"
EndProject
Global
	GlobalSection(SolutionConfigurationPlatforms) = preSolution
		Debug|Any CPU = Debug|Any CPU
		Release|Any CPU = Release|Any CPU
	EndGlobalSection
	GlobalSection(ProjectConfigurationPlatforms) = postSolution
		{145069DB-8EAB-473F-826E-DEC56BFB8B0B}.Debug|Any CPU.ActiveCfg = Debug|Any CPU
		{145069DB-8EAB-473F-826E-DEC56BFB8B0B}.Debug|Any CPU.Build.0 = Debug|Any CPU
		{145069DB-8EAB-473F-826E-DEC56BFB8B0B}.Release|Any CPU.ActiveCfg = Release|Any CPU
		{145069DB-8EAB-473F-826E-DEC56BFB8B0B}.Release|Any CPU.Build.0 = Release|Any CPU
	EndGlobalSection
	GlobalSection(SolutionProperties) = preSolution
		HideSolutionNode = FALSE
	EndGlobalSection
	GlobalSection(ExtensibilityGlobals) = postSolution
		SolutionGuid = {08BA120B-6CC0-48DA-8414-579C6EB55D00}
	EndGlobalSection
EndGlobal
