
Microsoft Visual Studio Solution File, Format Version 12.00
# Visual Studio Version 16
VisualStudioVersion = 16.0.29920.165
MinimumVisualStudioVersion = 10.0.40219.1
Project("{FAE04EC0-301F-11D3-BF4B-00C04F79EFBC}") = "ToDoApp", "ToDoApp\ToDoApp.csproj", "{D9708FA3-87B3-4F52-AD06-EC54463BCD2A}"
EndProject
Global
	GlobalSection(SolutionConfigurationPlatforms) = preSolution
		Debug|Any CPU = Debug|Any CPU
		Release|Any CPU = Release|Any CPU
	EndGlobalSection
	GlobalSection(ProjectConfigurationPlatforms) = postSolution
		{D9708FA3-87B3-4F52-AD06-EC54463BCD2A}.Debug|Any CPU.ActiveCfg = Debug|Any CPU
		{D9708FA3-87B3-4F52-AD06-EC54463BCD2A}.Debug|Any CPU.Build.0 = Debug|Any CPU
		{D9708FA3-87B3-4F52-AD06-EC54463BCD2A}.Release|Any CPU.ActiveCfg = Release|Any CPU
		{D9708FA3-87B3-4F52-AD06-EC54463BCD2A}.Release|Any CPU.Build.0 = Release|Any CPU
	EndGlobalSection
	GlobalSection(SolutionProperties) = preSolution
		HideSolutionNode = FALSE
	EndGlobalSection
	GlobalSection(ExtensibilityGlobals) = postSolution
		SolutionGuid = {F4FD419A-4359-4114-BDFA-1424F26BC5C0}
	EndGlobalSection
EndGlobal
