
Microsoft Visual Studio Solution File, Format Version 12.00
# Visual Studio Version 16
VisualStudioVersion = 16.0.29920.165
MinimumVisualStudioVersion = 10.0.40219.1
Project("{FAE04EC0-301F-11D3-BF4B-00C04F79EFBC}") = "Ternary operator", "Ternary operator\Ternary operator.csproj", "{AE451E56-E2D5-4184-A847-0D15A24AA25D}"
EndProject
Global
	GlobalSection(SolutionConfigurationPlatforms) = preSolution
		Debug|Any CPU = Debug|Any CPU
		Release|Any CPU = Release|Any CPU
	EndGlobalSection
	GlobalSection(ProjectConfigurationPlatforms) = postSolution
		{AE451E56-E2D5-4184-A847-0D15A24AA25D}.Debug|Any CPU.ActiveCfg = Debug|Any CPU
		{AE451E56-E2D5-4184-A847-0D15A24AA25D}.Debug|Any CPU.Build.0 = Debug|Any CPU
		{AE451E56-E2D5-4184-A847-0D15A24AA25D}.Release|Any CPU.ActiveCfg = Release|Any CPU
		{AE451E56-E2D5-4184-A847-0D15A24AA25D}.Release|Any CPU.Build.0 = Release|Any CPU
	EndGlobalSection
	GlobalSection(SolutionProperties) = preSolution
		HideSolutionNode = FALSE
	EndGlobalSection
	GlobalSection(ExtensibilityGlobals) = postSolution
		SolutionGuid = {DB54245E-BAE2-4407-940A-04CFE582CEDA}
	EndGlobalSection
EndGlobal
