
Microsoft Visual Studio Solution File, Format Version 12.00
# Visual Studio Version 16
VisualStudioVersion = 16.0.29920.165
MinimumVisualStudioVersion = 10.0.40219.1
Project("{FAE04EC0-301F-11D3-BF4B-00C04F79EFBC}") = "ArraysLinqs", "ArraysLinqs\ArraysLinqs.csproj", "{3D631BF8-9F99-48DF-98CB-9CD14AD0FD81}"
EndProject
Global
	GlobalSection(SolutionConfigurationPlatforms) = preSolution
		Debug|Any CPU = Debug|Any CPU
		Release|Any CPU = Release|Any CPU
	EndGlobalSection
	GlobalSection(ProjectConfigurationPlatforms) = postSolution
		{3D631BF8-9F99-48DF-98CB-9CD14AD0FD81}.Debug|Any CPU.ActiveCfg = Debug|Any CPU
		{3D631BF8-9F99-48DF-98CB-9CD14AD0FD81}.Debug|Any CPU.Build.0 = Debug|Any CPU
		{3D631BF8-9F99-48DF-98CB-9CD14AD0FD81}.Release|Any CPU.ActiveCfg = Release|Any CPU
		{3D631BF8-9F99-48DF-98CB-9CD14AD0FD81}.Release|Any CPU.Build.0 = Release|Any CPU
	EndGlobalSection
	GlobalSection(SolutionProperties) = preSolution
		HideSolutionNode = FALSE
	EndGlobalSection
	GlobalSection(ExtensibilityGlobals) = postSolution
		SolutionGuid = {CD2BF8B4-595F-4735-942C-54CE6262B415}
	EndGlobalSection
EndGlobal
