
Microsoft Visual Studio Solution File, Format Version 12.00
# Visual Studio Version 16
VisualStudioVersion = 16.0.29920.165
MinimumVisualStudioVersion = 10.0.40219.1
Project("{FAE04EC0-301F-11D3-BF4B-00C04F79EFBC}") = "join_assignment_with_null", "join_assignment_with_null\join_assignment_with_null.csproj", "{8CBC4304-9470-4EF1-9416-E612B3A617E5}"
EndProject
Global
	GlobalSection(SolutionConfigurationPlatforms) = preSolution
		Debug|Any CPU = Debug|Any CPU
		Release|Any CPU = Release|Any CPU
	EndGlobalSection
	GlobalSection(ProjectConfigurationPlatforms) = postSolution
		{8CBC4304-9470-4EF1-9416-E612B3A617E5}.Debug|Any CPU.ActiveCfg = Debug|Any CPU
		{8CBC4304-9470-4EF1-9416-E612B3A617E5}.Debug|Any CPU.Build.0 = Debug|Any CPU
		{8CBC4304-9470-4EF1-9416-E612B3A617E5}.Release|Any CPU.ActiveCfg = Release|Any CPU
		{8CBC4304-9470-4EF1-9416-E612B3A617E5}.Release|Any CPU.Build.0 = Release|Any CPU
	EndGlobalSection
	GlobalSection(SolutionProperties) = preSolution
		HideSolutionNode = FALSE
	EndGlobalSection
	GlobalSection(ExtensibilityGlobals) = postSolution
		SolutionGuid = {D7D83DCE-ACCB-4EA1-89B4-3C9AEBF78646}
	EndGlobalSection
EndGlobal
