
Microsoft Visual Studio Solution File, Format Version 12.00
# Visual Studio Version 16
VisualStudioVersion = 16.0.29920.165
MinimumVisualStudioVersion = 10.0.40219.1
Project("{FAE04EC0-301F-11D3-BF4B-00C04F79EFBC}") = "Read", "Read\Read.csproj", "{ACEFB701-D8A8-46B7-A77B-B7DF830D5F0A}"
EndProject
Global
	GlobalSection(SolutionConfigurationPlatforms) = preSolution
		Debug|Any CPU = Debug|Any CPU
		Release|Any CPU = Release|Any CPU
	EndGlobalSection
	GlobalSection(ProjectConfigurationPlatforms) = postSolution
		{ACEFB701-D8A8-46B7-A77B-B7DF830D5F0A}.Debug|Any CPU.ActiveCfg = Debug|Any CPU
		{ACEFB701-D8A8-46B7-A77B-B7DF830D5F0A}.Debug|Any CPU.Build.0 = Debug|Any CPU
		{ACEFB701-D8A8-46B7-A77B-B7DF830D5F0A}.Release|Any CPU.ActiveCfg = Release|Any CPU
		{ACEFB701-D8A8-46B7-A77B-B7DF830D5F0A}.Release|Any CPU.Build.0 = Release|Any CPU
	EndGlobalSection
	GlobalSection(SolutionProperties) = preSolution
		HideSolutionNode = FALSE
	EndGlobalSection
	GlobalSection(ExtensibilityGlobals) = postSolution
		SolutionGuid = {7E1201FD-D486-48B3-95C5-4657E011C1B2}
	EndGlobalSection
EndGlobal
