
Microsoft Visual Studio Solution File, Format Version 12.00
# Visual Studio Version 16
VisualStudioVersion = 16.0.29920.165
MinimumVisualStudioVersion = 10.0.40219.1
Project("{FAE04EC0-301F-11D3-BF4B-00C04F79EFBC}") = "Conditional null", "Conditional null\Conditional null.csproj", "{DE432A25-A11F-4E95-87D6-C249E0209F1F}"
EndProject
Global
	GlobalSection(SolutionConfigurationPlatforms) = preSolution
		Debug|Any CPU = Debug|Any CPU
		Release|Any CPU = Release|Any CPU
	EndGlobalSection
	GlobalSection(ProjectConfigurationPlatforms) = postSolution
		{DE432A25-A11F-4E95-87D6-C249E0209F1F}.Debug|Any CPU.ActiveCfg = Debug|Any CPU
		{DE432A25-A11F-4E95-87D6-C249E0209F1F}.Debug|Any CPU.Build.0 = Debug|Any CPU
		{DE432A25-A11F-4E95-87D6-C249E0209F1F}.Release|Any CPU.ActiveCfg = Release|Any CPU
		{DE432A25-A11F-4E95-87D6-C249E0209F1F}.Release|Any CPU.Build.0 = Release|Any CPU
	EndGlobalSection
	GlobalSection(SolutionProperties) = preSolution
		HideSolutionNode = FALSE
	EndGlobalSection
	GlobalSection(ExtensibilityGlobals) = postSolution
		SolutionGuid = {23A3B1EE-25BF-422F-BC29-37E83582602E}
	EndGlobalSection
EndGlobal
